
Microsoft Visual Studio Solution File, Format Version 12.00
# Visual Studio Version 17
VisualStudioVersion = 17.11.35327.3
MinimumVisualStudioVersion = 10.0.40219.1
Project("{FAE04EC0-301F-11D3-BF4B-00C04F79EFBC}") = "ASM", "ASM.csproj", "{B9934856-5626-4A66-9946-30CBEBD99CF4}"
EndProject
Global
	GlobalSection(SolutionConfigurationPlatforms) = preSolution
		Debug|Any CPU = Debug|Any CPU
		Release|Any CPU = Release|Any CPU
	EndGlobalSection
	GlobalSection(ProjectConfigurationPlatforms) = postSolution
		{B9934856-5626-4A66-9946-30CBEBD99CF4}.Debug|Any CPU.ActiveCfg = Debug|Any CPU
		{B9934856-5626-4A66-9946-30CBEBD99CF4}.Debug|Any CPU.Build.0 = Debug|Any CPU
		{B9934856-5626-4A66-9946-30CBEBD99CF4}.Release|Any CPU.ActiveCfg = Release|Any CPU
		{B9934856-5626-4A66-9946-30CBEBD99CF4}.Release|Any CPU.Build.0 = Release|Any CPU
	EndGlobalSection
	GlobalSection(SolutionProperties) = preSolution
		HideSolutionNode = FALSE
	EndGlobalSection
	GlobalSection(ExtensibilityGlobals) = postSolution
		SolutionGuid = {89C06E9D-4B37-4982-8F68-CA58AA98AD81}
	EndGlobalSection
EndGlobal
